{
  "name": "acceedo-spectrum",
  "version": "10.5.0",
  "lockfileVersion": 1,
  "requires": true,
  "dependencies": {
    "@serialport/binding-mock": {
      "version": "10.2.2",
      "resolved": "https://registry.npmjs.org/@serialport/binding-mock/-/binding-mock-10.2.2.tgz",
      "integrity": "sha512-HAFzGhk9OuFMpuor7aT5G1ChPgn5qSsklTFOTUX72Rl6p0xwcSVsRtG/xaGp6bxpN7fI9D/S8THLBWbBgS6ldw==",
      "requires": {
        "@serialport/bindings-interface": "^1.2.1",
        "debug": "^4.3.3"
      }
    },
    "@serialport/bindings-cpp": {
      "version": "10.7.0",
      "resolved": "https://registry.npmjs.org/@serialport/bindings-cpp/-/bindings-cpp-10.7.0.tgz",
      "integrity": "sha512-Xx1wA2UCG2loS32hxNvWJI4smCzGKhWqE85//fLRzHoGgE1lSLe3Nk7W40/ebrlGFHWRbQZmeaIF4chb2XLliA==",
      "requires": {
        "@serialport/bindings-interface": "1.2.1",
        "@serialport/parser-readline": "^10.2.1",
        "debug": "^4.3.2",
        "node-addon-api": "^4.3.0",
        "node-gyp-build": "^4.3.0"
      }
    },
    "@serialport/bindings-interface": {
      "version": "1.2.1",
      "resolved": "https://registry.npmjs.org/@serialport/bindings-interface/-/bindings-interface-1.2.1.tgz",
      "integrity": "sha512-63Dyqz2gtryRDDckFusOYqLYhR3Hq/M4sEdbF9i/VsvDb6T+tNVgoAKUZ+FMrXXKnCSu+hYbk+MTc0XQANszxw=="
    },
    "@serialport/parser-byte-length": {
      "version": "10.3.0",
      "resolved": "https://registry.npmjs.org/@serialport/parser-byte-length/-/parser-byte-length-10.3.0.tgz",
      "integrity": "sha512-pJ/VoFemzKRRNDHLhFfPThwP40QrGaEnm9TtwL7o2GihEPwzBg3T0bN13ew5TpbbUYZdMpUtpm3CGfl6av9rUQ=="
    },
    "@serialport/parser-cctalk": {
      "version": "10.3.0",
      "resolved": "https://registry.npmjs.org/@serialport/parser-cctalk/-/parser-cctalk-10.3.0.tgz",
      "integrity": "sha512-8ujmk8EvVbDPrNF4mM33bWvUYJOZ0wXbY3WCRazHRWvyCdL0VO0DQvW81ZqgoTpiDQZm5r8wQu9rmuemahF6vQ=="
    },
    "@serialport/parser-delimiter": {
      "version": "10.3.0",
      "resolved": "https://registry.npmjs.org/@serialport/parser-delimiter/-/parser-delimiter-10.3.0.tgz",
      "integrity": "sha512-9E4Vj6s0UbbcCCTclwegHGPYjJhdm9qLCS0lowXQDEQC5naZnbsELemMHs93nD9jHPcyx1B4oXkMnVZLxX5TYw=="
    },
    "@serialport/parser-inter-byte-timeout": {
      "version": "10.3.0",
      "resolved": "https://registry.npmjs.org/@serialport/parser-inter-byte-timeout/-/parser-inter-byte-timeout-10.3.0.tgz",
      "integrity": "sha512-wKP0QK85NHgvT6BBB1qBfKBBU4pf8kespNXAZBUYmFT+P4n8r8IZE2mqigCD+AiZcfWNQoAizwOsT/Jx/qeVig=="
    },
    "@serialport/parser-packet-length": {
      "version": "10.3.0",
      "resolved": "https://registry.npmjs.org/@serialport/parser-packet-length/-/parser-packet-length-10.3.0.tgz",
      "integrity": "sha512-bj0cWzt8YSQj/E5fRQVYdi4TsfTlZQrXlXrUwjyTsCONv8IPOHzsz+yY0fw5SEMiJtaLyqvPkCHLsttOd/zFsg=="
    },
    "@serialport/parser-readline": {
      "version": "10.3.0",
      "resolved": "https://registry.npmjs.org/@serialport/parser-readline/-/parser-readline-10.3.0.tgz",
      "integrity": "sha512-ki3ATZ3/RAqnqGROBKE7k+OeZ0DZXZ53GTca4q71OU5RazbbNhTOBQLKLXD3v9QZXCMJdg4hGW/2Y0DuMUqMQg==",
      "requires": {
        "@serialport/parser-delimiter": "10.3.0"
      }
    },
    "@serialport/parser-ready": {
      "version": "10.3.0",
      "resolved": "https://registry.npmjs.org/@serialport/parser-ready/-/parser-ready-10.3.0.tgz",
      "integrity": "sha512-1owywJ4p592dJyVrEJZPIh6pUZ3/y/LN6kGTDH2wxdewRUITo/sGvDy0er5i2+dJD3yuowiAz0dOHSdz8tevJA=="
    },
    "@serialport/parser-regex": {
      "version": "10.3.0",
      "resolved": "https://registry.npmjs.org/@serialport/parser-regex/-/parser-regex-10.3.0.tgz",
      "integrity": "sha512-tIogTs7CvTH+UUFnsvE7i33MSISyTPTGPWlglWYH2/5coipXY503jlaYS1YGe818wWNcSx6YAjMZRdhTWwM39w=="
    },
    "@serialport/parser-slip-encoder": {
      "version": "10.3.0",
      "resolved": "https://registry.npmjs.org/@serialport/parser-slip-encoder/-/parser-slip-encoder-10.3.0.tgz",
      "integrity": "sha512-JI0ILF5sylWn8f0MuMzHFBix/iMUTa79/Z95KaPZYnVaEdA7h7hh/o21Jmon/26P3RJwL1SNJCjZ81zfan+LtQ=="
    },
    "@serialport/parser-spacepacket": {
      "version": "10.3.0",
      "resolved": "https://registry.npmjs.org/@serialport/parser-spacepacket/-/parser-spacepacket-10.3.0.tgz",
      "integrity": "sha512-PDF73ClEPsClD1FEJZHNuBevDKsJCkqy/XD5+S5eA6+tY5D4HLrVgSWsg+3qqB6+dlpwf2CzHe+uO8D3teuKHA=="
    },
    "@serialport/stream": {
      "version": "10.3.0",
      "resolved": "https://registry.npmjs.org/@serialport/stream/-/stream-10.3.0.tgz",
      "integrity": "sha512-7sooi5fHogYNVEJwxVdg872xO6TuMgQd2E9iRmv+o8pk/1dbBnPkmH6Ka3st1mVE+0KnIJqVlgei+ncSsqXIGw==",
      "requires": {
        "@serialport/bindings-interface": "1.2.1",
        "debug": "^4.3.2"
      }
    },
    "anymatch": {
      "version": "3.1.2",
      "resolved": "https://registry.npmjs.org/anymatch/-/anymatch-3.1.2.tgz",
      "integrity": "sha512-P43ePfOAIupkguHUycrc4qJ9kz8ZiuOUijaETwX7THt0Y/GNK7v0aa8rY816xWjZ7rJdA5XdMcpVFTKMq+RvWg==",
      "requires": {
        "normalize-path": "^3.0.0",
        "picomatch": "^2.0.4"
      }
    },
    "binary-extensions": {
      "version": "2.2.0",
      "resolved": "https://registry.npmjs.org/binary-extensions/-/binary-extensions-2.2.0.tgz",
      "integrity": "sha512-jDctJ/IVQbZoJykoeHbhXpOlNBqGNcwXJKJog42E5HDPUwQTSdjCHdihjj0DlnheQ7blbT6dHOafNAiS8ooQKA=="
    },
    "braces": {
      "version": "3.0.2",
      "resolved": "https://registry.npmjs.org/braces/-/braces-3.0.2.tgz",
      "integrity": "sha512-b8um+L1RzM3WDSzvhm6gIz1yfTbBt6YTlcEKAvsmqCZZFw46z626lVj9j1yEPW33H5H+lBQpZMP1k8l+78Ha0A==",
      "requires": {
        "fill-range": "^7.0.1"
      }
    },
    "chokidar": {
      "version": "3.5.3",
      "resolved": "https://registry.npmjs.org/chokidar/-/chokidar-3.5.3.tgz",
      "integrity": "sha512-Dr3sfKRP6oTcjf2JmUmFJfeVMvXBdegxB0iVQ5eb2V10uFJUCAS8OByZdVAyVb8xXNz3GjjTgj9kLWsZTqE6kw==",
      "requires": {
        "anymatch": "~3.1.2",
        "braces": "~3.0.2",
        "fsevents": "~2.3.2",
        "glob-parent": "~5.1.2",
        "is-binary-path": "~2.1.0",
        "is-glob": "~4.0.1",
        "normalize-path": "~3.0.0",
        "readdirp": "~3.6.0"
      }
    },
    "debug": {
      "version": "4.3.3",
      "resolved": "https://registry.npmjs.org/debug/-/debug-4.3.3.tgz",
      "integrity": "sha512-/zxw5+vh1Tfv+4Qn7a5nsbcJKPaSvCDhojn6FEl9vupwK2VCSDtEiEtqr8DFtzYFOdz63LBkxec7DYuc2jon6Q==",
      "requires": {
        "ms": "2.1.2"
      }
    },
    "fill-range": {
      "version": "7.0.1",
      "resolved": "https://registry.npmjs.org/fill-range/-/fill-range-7.0.1.tgz",
      "integrity": "sha512-qOo9F+dMUmC2Lcb4BbVvnKJxTPjCm+RRpe4gDuGrzkL7mEVl/djYSu2OdQ2Pa302N4oqkSg9ir6jaLWJ2USVpQ==",
      "requires": {
        "to-regex-range": "^5.0.1"
      }
    },
    "fsevents": {
      "version": "2.3.2",
      "resolved": "https://registry.npmjs.org/fsevents/-/fsevents-2.3.2.tgz",
      "integrity": "sha512-xiqMQR4xAeHTuB9uWm+fFRcIOgKBMiOBP+eXiyT7jsgVCq1bkVygt00oASowB7EdtpOHaaPgKt812P9ab+DDKA==",
      "optional": true
    },
    "glob-parent": {
      "version": "5.1.2",
      "resolved": "https://registry.npmjs.org/glob-parent/-/glob-parent-5.1.2.tgz",
      "integrity": "sha512-AOIgSQCepiJYwP3ARnGx+5VnTu2HBYdzbGP45eLw1vr3zB3vZLeyed1sC9hnbcOc9/SrMyM5RPQrkGz4aS9Zow==",
      "requires": {
        "is-glob": "^4.0.1"
      }
    },
    "is-binary-path": {
      "version": "2.1.0",
      "resolved": "https://registry.npmjs.org/is-binary-path/-/is-binary-path-2.1.0.tgz",
      "integrity": "sha512-ZMERYes6pDydyuGidse7OsHxtbI7WVeUEozgR/g7rd0xUimYNlvZRE/K2MgZTjWy725IfelLeVcEM97mmtRGXw==",
      "requires": {
        "binary-extensions": "^2.0.0"
      }
    },
    "is-extglob": {
      "version": "2.1.1",
      "resolved": "https://registry.npmjs.org/is-extglob/-/is-extglob-2.1.1.tgz",
      "integrity": "sha1-qIwCU1eR8C7TfHahueqXc8gz+MI="
    },
    "is-glob": {
      "version": "4.0.3",
      "resolved": "https://registry.npmjs.org/is-glob/-/is-glob-4.0.3.tgz",
      "integrity": "sha512-xelSayHH36ZgE7ZWhli7pW34hNbNl8Ojv5KVmkJD4hBdD3th8Tfk9vYasLM+mXWOZhFkgZfxhLSnrwRr4elSSg==",
      "requires": {
        "is-extglob": "^2.1.1"
      }
    },
    "is-number": {
      "version": "7.0.0",
      "resolved": "https://registry.npmjs.org/is-number/-/is-number-7.0.0.tgz",
      "integrity": "sha512-41Cifkg6e8TylSpdtTpeLVMqvSBEVzTttHvERD741+pnZ8ANv0004MRL43QKPDlK9cGvNp6NZWZUBlbGXYxxng=="
    },
    "mime-db": {
      "version": "1.51.0",
      "resolved": "https://registry.npmjs.org/mime-db/-/mime-db-1.51.0.tgz",
      "integrity": "sha512-5y8A56jg7XVQx2mbv1lu49NR4dokRnhZYTtL+KGfaa27uq4pSTXkwQkFJl4pkRMyNFz/EtYDSkiiEHx3F7UN6g=="
    },
    "mime-types": {
      "version": "2.1.34",
      "resolved": "https://registry.npmjs.org/mime-types/-/mime-types-2.1.34.tgz",
      "integrity": "sha512-6cP692WwGIs9XXdOO4++N+7qjqv0rqxxVvJ3VHPh/Sc9mVZcQP+ZGhkKiTvWMQRr2tbHkJP/Yn7Y0npb3ZBs4A==",
      "requires": {
        "mime-db": "1.51.0"
      }
    },
    "ms": {
      "version": "2.1.2",
      "resolved": "https://registry.npmjs.org/ms/-/ms-2.1.2.tgz",
      "integrity": "sha512-sGkPx+VjMtmA6MX27oA4FBFELFCZZ4S4XqeGOXCv68tT+jb3vk/RyaKWP0PTKyWtmLSM0b+adUTEvbs1PEaH2w=="
    },
    "node-addon-api": {
      "version": "4.3.0",
      "resolved": "https://registry.npmjs.org/node-addon-api/-/node-addon-api-4.3.0.tgz",
      "integrity": "sha512-73sE9+3UaLYYFmDsFZnqCInzPyh3MqIwZO9cw58yIqAZhONrrabrYyYe3TuIqtIiOuTXVhsGau8hcrhhwSsDIQ=="
    },
    "node-gyp-build": {
      "version": "4.3.0",
      "resolved": "https://registry.npmjs.org/node-gyp-build/-/node-gyp-build-4.3.0.tgz",
      "integrity": "sha512-iWjXZvmboq0ja1pUGULQBexmxq8CV4xBhX7VDOTbL7ZR4FOowwY/VOtRxBN/yKxmdGoIp4j5ysNT4u3S2pDQ3Q=="
    },
    "normalize-path": {
      "version": "3.0.0",
      "resolved": "https://registry.npmjs.org/normalize-path/-/normalize-path-3.0.0.tgz",
      "integrity": "sha512-6eZs5Ls3WtCisHWp9S2GUy8dqkpGi4BVSz3GaqiE6ezub0512ESztXUwUB6C6IKbQkY2Pnb/mD4WYojCRwcwLA=="
    },
    "picomatch": {
      "version": "2.3.1",
      "resolved": "https://registry.npmjs.org/picomatch/-/picomatch-2.3.1.tgz",
      "integrity": "sha512-JU3teHTNjmE2VCGFzuY8EXzCDVwEqB2a8fsIvwaStHhAWJEeVd1o1QD80CU6+ZdEXXSLbSsuLwJjkCBWqRQUVA=="
    },
    "readdirp": {
      "version": "3.6.0",
      "resolved": "https://registry.npmjs.org/readdirp/-/readdirp-3.6.0.tgz",
      "integrity": "sha512-hOS089on8RduqdbhvQ5Z37A0ESjsqz6qnRcffsMU3495FuTdqSm+7bhJ29JvIOsBDEEnan5DPu9t3To9VRlMzA==",
      "requires": {
        "picomatch": "^2.2.1"
      }
    },
    "sax": {
      "version": "1.2.4",
      "resolved": "https://registry.npmjs.org/sax/-/sax-1.2.4.tgz",
      "integrity": "sha512-NqVDv9TpANUjFm0N8uM5GxL36UgKi9/atZw+x7YFnQ8ckwFGKrl4xX4yWtrey3UJm5nP1kUbnYgLopqWNSRhWw=="
    },
    "serialport": {
      "version": "10.4.0",
      "resolved": "https://registry.npmjs.org/serialport/-/serialport-10.4.0.tgz",
      "integrity": "sha512-PszPM5SnFMgSXom60PkKS2A9nMlNbHkuoyRBlzdSWw9rmgOn258+V0dYbWMrETJMM+TJV32vqBzjg5MmmUMwMw==",
      "requires": {
        "@serialport/binding-mock": "10.2.2",
        "@serialport/bindings-cpp": "10.7.0",
        "@serialport/parser-byte-length": "10.3.0",
        "@serialport/parser-cctalk": "10.3.0",
        "@serialport/parser-delimiter": "10.3.0",
        "@serialport/parser-inter-byte-timeout": "10.3.0",
        "@serialport/parser-packet-length": "10.3.0",
        "@serialport/parser-readline": "10.3.0",
        "@serialport/parser-ready": "10.3.0",
        "@serialport/parser-regex": "10.3.0",
        "@serialport/parser-slip-encoder": "10.3.0",
        "@serialport/parser-spacepacket": "10.3.0",
        "@serialport/stream": "10.3.0",
        "debug": "^4.3.3"
      }
    },
    "to-regex-range": {
      "version": "5.0.1",
      "resolved": "https://registry.npmjs.org/to-regex-range/-/to-regex-range-5.0.1.tgz",
      "integrity": "sha512-65P7iz6X5yEr1cwcgvQxbbIw7Uk3gOy5dIdtZ4rDveLqhrdJP+Li/Hx6tyK0NEb+2GCyneCMJiGqrADCSNk8sQ==",
      "requires": {
        "is-number": "^7.0.0"
      }
    },
    "xml2js": {
      "version": "0.4.23",
      "resolved": "https://registry.npmjs.org/xml2js/-/xml2js-0.4.23.tgz",
      "integrity": "sha512-ySPiMjM0+pLDftHgXY4By0uswI3SPKLDw/i3UXbnO8M/p28zqexCUoPmQFrYD+/1BzhGJSs2i1ERWKJAtiLrug==",
      "requires": {
        "sax": ">=0.6.0",
        "xmlbuilder": "~11.0.0"
      }
    },
    "xmlbuilder": {
      "version": "11.0.1",
      "resolved": "https://registry.npmjs.org/xmlbuilder/-/xmlbuilder-11.0.1.tgz",
      "integrity": "sha512-fDlsI/kFEx7gLvbecc0/ohLG50fugQp8ryHzMTuW9vSa1GJ0XYWKnhsUx7oie3G98+r56aTQIUB4kht42R3JvA=="
    }
  }
}
